
Microsoft Visual Studio Solution File, Format Version 12.00
# Visual Studio 15
VisualStudioVersion = 15.0.26730.10
MinimumVisualStudioVersion = 10.0.40219.1

Project("{6EC3EE1D-3C4E-46DD-8F32-0CC8E7565705}") = "EXF_ReproInfiniteLoop", "EXF_ReproInfiniteLoop\EXF_ReproInfiniteLoop.fsproj", "{DCA907E5-7BE5-4FC5-848F-5FC69F362014}"
EndProject

Project("{F2A71F9B-5D33-465A-A702-920D77279786}") = "EXF_ReproInfiniteLoop.Android", "EXF_ReproInfiniteLoop.Android\EXF_ReproInfiniteLoop.Android.fsproj", "{E657BE79-8471-4515-A60B-BA2AFEF9C9DF}"
EndProject

Project("{F2A71F9B-5D33-465A-A702-920D77279786}") = "EXF_ReproInfiniteLoop.iOS", "EXF_ReproInfiniteLoop.iOS\EXF_ReproInfiniteLoop.iOS.fsproj", "{CB9E3F7E-1081-4A6A-A5E0-2C1CF9DF48E3}"
EndProject



Global
	GlobalSection(SolutionConfigurationPlatforms) = preSolution
		Ad-Hoc|Any CPU = Ad-Hoc|Any CPU
		Ad-Hoc|ARM = Ad-Hoc|ARM
		Ad-Hoc|iPhone = Ad-Hoc|iPhone
		Ad-Hoc|iPhoneSimulator = Ad-Hoc|iPhoneSimulator
		Ad-Hoc|x64 = Ad-Hoc|x64
		Ad-Hoc|x86 = Ad-Hoc|x86
		AppStore|Any CPU = AppStore|Any CPU
		AppStore|ARM = AppStore|ARM
		AppStore|iPhone = AppStore|iPhone
		AppStore|iPhoneSimulator = AppStore|iPhoneSimulator
		AppStore|x64 = AppStore|x64
		AppStore|x86 = AppStore|x86
		Debug|Any CPU = Debug|Any CPU
		Debug|ARM = Debug|ARM
		Debug|iPhone = Debug|iPhone
		Debug|iPhoneSimulator = Debug|iPhoneSimulator
		Debug|x64 = Debug|x64
		Debug|x86 = Debug|x86
		Release|Any CPU = Release|Any CPU
		Release|ARM = Release|ARM
		Release|iPhone = Release|iPhone
		Release|iPhoneSimulator = Release|iPhoneSimulator
		Release|x64 = Release|x64
		Release|x86 = Release|x86
	EndGlobalSection
	GlobalSection(ProjectConfigurationPlatforms) = postSolution
		{DCA907E5-7BE5-4FC5-848F-5FC69F362014}.Ad-Hoc|Any CPU.ActiveCfg = Debug|Any CPU
		{DCA907E5-7BE5-4FC5-848F-5FC69F362014}.Ad-Hoc|Any CPU.Build.0 = Debug|Any CPU
		{DCA907E5-7BE5-4FC5-848F-5FC69F362014}.Ad-Hoc|ARM.ActiveCfg = Debug|Any CPU
		{DCA907E5-7BE5-4FC5-848F-5FC69F362014}.Ad-Hoc|ARM.Build.0 = Debug|Any CPU
		{DCA907E5-7BE5-4FC5-848F-5FC69F362014}.Ad-Hoc|iPhone.ActiveCfg = Debug|Any CPU
		{DCA907E5-7BE5-4FC5-848F-5FC69F362014}.Ad-Hoc|iPhone.Build.0 = Debug|Any CPU
		{DCA907E5-7BE5-4FC5-848F-5FC69F362014}.Ad-Hoc|iPhoneSimulator.ActiveCfg = Debug|Any CPU
		{DCA907E5-7BE5-4FC5-848F-5FC69F362014}.Ad-Hoc|iPhoneSimulator.Build.0 = Debug|Any CPU
		{DCA907E5-7BE5-4FC5-848F-5FC69F362014}.Ad-Hoc|x64.ActiveCfg = Debug|Any CPU
		{DCA907E5-7BE5-4FC5-848F-5FC69F362014}.Ad-Hoc|x64.Build.0 = Debug|Any CPU
		{DCA907E5-7BE5-4FC5-848F-5FC69F362014}.Ad-Hoc|x86.ActiveCfg = Debug|Any CPU
		{DCA907E5-7BE5-4FC5-848F-5FC69F362014}.Ad-Hoc|x86.Build.0 = Debug|Any CPU
		{DCA907E5-7BE5-4FC5-848F-5FC69F362014}.AppStore|Any CPU.ActiveCfg = Debug|Any CPU
		{DCA907E5-7BE5-4FC5-848F-5FC69F362014}.AppStore|Any CPU.Build.0 = Debug|Any CPU
		{DCA907E5-7BE5-4FC5-848F-5FC69F362014}.AppStore|ARM.ActiveCfg = Debug|Any CPU
		{DCA907E5-7BE5-4FC5-848F-5FC69F362014}.AppStore|ARM.Build.0 = Debug|Any CPU
		{DCA907E5-7BE5-4FC5-848F-5FC69F362014}.AppStore|iPhone.ActiveCfg = Debug|Any CPU
		{DCA907E5-7BE5-4FC5-848F-5FC69F362014}.AppStore|iPhone.Build.0 = Debug|Any CPU
		{DCA907E5-7BE5-4FC5-848F-5FC69F362014}.AppStore|iPhoneSimulator.ActiveCfg = Debug|Any CPU
		{DCA907E5-7BE5-4FC5-848F-5FC69F362014}.AppStore|iPhoneSimulator.Build.0 = Debug|Any CPU
		{DCA907E5-7BE5-4FC5-848F-5FC69F362014}.AppStore|x64.ActiveCfg = Debug|Any CPU
		{DCA907E5-7BE5-4FC5-848F-5FC69F362014}.AppStore|x64.Build.0 = Debug|Any CPU
		{DCA907E5-7BE5-4FC5-848F-5FC69F362014}.AppStore|x86.ActiveCfg = Debug|Any CPU
		{DCA907E5-7BE5-4FC5-848F-5FC69F362014}.AppStore|x86.Build.0 = Debug|Any CPU
		{DCA907E5-7BE5-4FC5-848F-5FC69F362014}.Debug|Any CPU.ActiveCfg = Debug|Any CPU
		{DCA907E5-7BE5-4FC5-848F-5FC69F362014}.Debug|Any CPU.Build.0 = Debug|Any CPU
		{DCA907E5-7BE5-4FC5-848F-5FC69F362014}.Debug|ARM.ActiveCfg = Debug|Any CPU
		{DCA907E5-7BE5-4FC5-848F-5FC69F362014}.Debug|ARM.Build.0 = Debug|Any CPU
		{DCA907E5-7BE5-4FC5-848F-5FC69F362014}.Debug|iPhone.ActiveCfg = Debug|Any CPU
		{DCA907E5-7BE5-4FC5-848F-5FC69F362014}.Debug|iPhone.Build.0 = Debug|Any CPU
		{DCA907E5-7BE5-4FC5-848F-5FC69F362014}.Debug|iPhoneSimulator.ActiveCfg = Debug|Any CPU
		{DCA907E5-7BE5-4FC5-848F-5FC69F362014}.Debug|iPhoneSimulator.Build.0 = Debug|Any CPU
		{DCA907E5-7BE5-4FC5-848F-5FC69F362014}.Debug|x64.ActiveCfg = Debug|Any CPU
		{DCA907E5-7BE5-4FC5-848F-5FC69F362014}.Debug|x64.Build.0 = Debug|Any CPU
		{DCA907E5-7BE5-4FC5-848F-5FC69F362014}.Debug|x86.ActiveCfg = Debug|Any CPU
		{DCA907E5-7BE5-4FC5-848F-5FC69F362014}.Debug|x86.Build.0 = Debug|Any CPU
		{DCA907E5-7BE5-4FC5-848F-5FC69F362014}.Release|Any CPU.ActiveCfg = Release|Any CPU
		{DCA907E5-7BE5-4FC5-848F-5FC69F362014}.Release|Any CPU.Build.0 = Release|Any CPU
		{DCA907E5-7BE5-4FC5-848F-5FC69F362014}.Release|ARM.ActiveCfg = Release|Any CPU
		{DCA907E5-7BE5-4FC5-848F-5FC69F362014}.Release|ARM.Build.0 = Release|Any CPU
		{DCA907E5-7BE5-4FC5-848F-5FC69F362014}.Release|iPhone.ActiveCfg = Release|Any CPU
		{DCA907E5-7BE5-4FC5-848F-5FC69F362014}.Release|iPhone.Build.0 = Release|Any CPU
		{DCA907E5-7BE5-4FC5-848F-5FC69F362014}.Release|iPhoneSimulator.ActiveCfg = Release|Any CPU
		{DCA907E5-7BE5-4FC5-848F-5FC69F362014}.Release|iPhoneSimulator.Build.0 = Release|Any CPU
		{DCA907E5-7BE5-4FC5-848F-5FC69F362014}.Release|x64.ActiveCfg = Release|Any CPU
		{DCA907E5-7BE5-4FC5-848F-5FC69F362014}.Release|x64.Build.0 = Release|Any CPU
		{DCA907E5-7BE5-4FC5-848F-5FC69F362014}.Release|x86.ActiveCfg = Release|Any CPU
		{DCA907E5-7BE5-4FC5-848F-5FC69F362014}.Release|x86.Build.0 = Release|Any CPU
		{CB9E3F7E-1081-4A6A-A5E0-2C1CF9DF48E3}.Ad-Hoc|Any CPU.ActiveCfg = Ad-Hoc|iPhone
		{CB9E3F7E-1081-4A6A-A5E0-2C1CF9DF48E3}.Ad-Hoc|ARM.ActiveCfg = Ad-Hoc|iPhone
		{CB9E3F7E-1081-4A6A-A5E0-2C1CF9DF48E3}.Ad-Hoc|iPhone.ActiveCfg = Ad-Hoc|iPhone
		{CB9E3F7E-1081-4A6A-A5E0-2C1CF9DF48E3}.Ad-Hoc|iPhone.Build.0 = Ad-Hoc|iPhone
		{CB9E3F7E-1081-4A6A-A5E0-2C1CF9DF48E3}.Ad-Hoc|iPhoneSimulator.ActiveCfg = Ad-Hoc|iPhoneSimulator
		{CB9E3F7E-1081-4A6A-A5E0-2C1CF9DF48E3}.Ad-Hoc|iPhoneSimulator.Build.0 = Ad-Hoc|iPhoneSimulator
		{CB9E3F7E-1081-4A6A-A5E0-2C1CF9DF48E3}.Ad-Hoc|x64.ActiveCfg = Ad-Hoc|iPhone
		{CB9E3F7E-1081-4A6A-A5E0-2C1CF9DF48E3}.Ad-Hoc|x86.ActiveCfg = Ad-Hoc|iPhone
		{CB9E3F7E-1081-4A6A-A5E0-2C1CF9DF48E3}.AppStore|Any CPU.ActiveCfg = AppStore|iPhone
		{CB9E3F7E-1081-4A6A-A5E0-2C1CF9DF48E3}.AppStore|ARM.ActiveCfg = AppStore|iPhone
		{CB9E3F7E-1081-4A6A-A5E0-2C1CF9DF48E3}.AppStore|iPhone.ActiveCfg = AppStore|iPhone
		{CB9E3F7E-1081-4A6A-A5E0-2C1CF9DF48E3}.AppStore|iPhone.Build.0 = AppStore|iPhone
		{CB9E3F7E-1081-4A6A-A5E0-2C1CF9DF48E3}.AppStore|iPhoneSimulator.ActiveCfg = AppStore|iPhoneSimulator
		{CB9E3F7E-1081-4A6A-A5E0-2C1CF9DF48E3}.AppStore|iPhoneSimulator.Build.0 = AppStore|iPhoneSimulator
		{CB9E3F7E-1081-4A6A-A5E0-2C1CF9DF48E3}.AppStore|x64.ActiveCfg = AppStore|iPhone
		{CB9E3F7E-1081-4A6A-A5E0-2C1CF9DF48E3}.AppStore|x86.ActiveCfg = AppStore|iPhone
		{CB9E3F7E-1081-4A6A-A5E0-2C1CF9DF48E3}.Debug|Any CPU.ActiveCfg = Debug|iPhone
		{CB9E3F7E-1081-4A6A-A5E0-2C1CF9DF48E3}.Debug|ARM.ActiveCfg = Debug|iPhone
		{CB9E3F7E-1081-4A6A-A5E0-2C1CF9DF48E3}.Debug|iPhone.ActiveCfg = Debug|iPhone
		{CB9E3F7E-1081-4A6A-A5E0-2C1CF9DF48E3}.Debug|iPhone.Build.0 = Debug|iPhone
		{CB9E3F7E-1081-4A6A-A5E0-2C1CF9DF48E3}.Debug|iPhoneSimulator.ActiveCfg = Debug|iPhoneSimulator
		{CB9E3F7E-1081-4A6A-A5E0-2C1CF9DF48E3}.Debug|iPhoneSimulator.Build.0 = Debug|iPhoneSimulator
		{CB9E3F7E-1081-4A6A-A5E0-2C1CF9DF48E3}.Debug|x64.ActiveCfg = Debug|iPhone
		{CB9E3F7E-1081-4A6A-A5E0-2C1CF9DF48E3}.Debug|x86.ActiveCfg = Debug|iPhone
		{CB9E3F7E-1081-4A6A-A5E0-2C1CF9DF48E3}.Release|Any CPU.ActiveCfg = Release|iPhone
		{CB9E3F7E-1081-4A6A-A5E0-2C1CF9DF48E3}.Release|ARM.ActiveCfg = Release|iPhone
		{CB9E3F7E-1081-4A6A-A5E0-2C1CF9DF48E3}.Release|iPhone.ActiveCfg = Release|iPhone
		{CB9E3F7E-1081-4A6A-A5E0-2C1CF9DF48E3}.Release|iPhone.Build.0 = Release|iPhone
		{CB9E3F7E-1081-4A6A-A5E0-2C1CF9DF48E3}.Release|iPhoneSimulator.ActiveCfg = Release|iPhoneSimulator
		{CB9E3F7E-1081-4A6A-A5E0-2C1CF9DF48E3}.Release|iPhoneSimulator.Build.0 = Release|iPhoneSimulator
		{CB9E3F7E-1081-4A6A-A5E0-2C1CF9DF48E3}.Release|x64.ActiveCfg = Release|iPhone
		{CB9E3F7E-1081-4A6A-A5E0-2C1CF9DF48E3}.Release|x86.ActiveCfg = Release|iPhone
		{578DF72C-DE67-4418-8045-4F0AFA9D8D85}.Ad-Hoc|Any CPU.ActiveCfg = Release|x86
		{578DF72C-DE67-4418-8045-4F0AFA9D8D85}.Ad-Hoc|Any CPU.Build.0 = Release|x86
		{578DF72C-DE67-4418-8045-4F0AFA9D8D85}.Ad-Hoc|Any CPU.Deploy.0 = Release|x86
		{578DF72C-DE67-4418-8045-4F0AFA9D8D85}.Ad-Hoc|ARM.ActiveCfg = Release|ARM
		{578DF72C-DE67-4418-8045-4F0AFA9D8D85}.Ad-Hoc|ARM.Build.0 = Release|ARM
		{578DF72C-DE67-4418-8045-4F0AFA9D8D85}.Ad-Hoc|ARM.Deploy.0 = Release|ARM
		{578DF72C-DE67-4418-8045-4F0AFA9D8D85}.Ad-Hoc|iPhone.ActiveCfg = Release|x86
		{578DF72C-DE67-4418-8045-4F0AFA9D8D85}.Ad-Hoc|iPhone.Build.0 = Release|x86
		{578DF72C-DE67-4418-8045-4F0AFA9D8D85}.Ad-Hoc|iPhone.Deploy.0 = Release|x86
		{578DF72C-DE67-4418-8045-4F0AFA9D8D85}.Ad-Hoc|iPhoneSimulator.ActiveCfg = Release|x86
		{578DF72C-DE67-4418-8045-4F0AFA9D8D85}.Ad-Hoc|iPhoneSimulator.Build.0 = Release|x86
		{578DF72C-DE67-4418-8045-4F0AFA9D8D85}.Ad-Hoc|iPhoneSimulator.Deploy.0 = Release|x86
		{578DF72C-DE67-4418-8045-4F0AFA9D8D85}.Ad-Hoc|x64.ActiveCfg = Release|x64
		{578DF72C-DE67-4418-8045-4F0AFA9D8D85}.Ad-Hoc|x64.Build.0 = Release|x64
		{578DF72C-DE67-4418-8045-4F0AFA9D8D85}.Ad-Hoc|x64.Deploy.0 = Release|x64
		{578DF72C-DE67-4418-8045-4F0AFA9D8D85}.Ad-Hoc|x86.ActiveCfg = Release|x86
		{578DF72C-DE67-4418-8045-4F0AFA9D8D85}.Ad-Hoc|x86.Build.0 = Release|x86
		{578DF72C-DE67-4418-8045-4F0AFA9D8D85}.Ad-Hoc|x86.Deploy.0 = Release|x86
		{578DF72C-DE67-4418-8045-4F0AFA9D8D85}.AppStore|Any CPU.ActiveCfg = Release|x86
		{578DF72C-DE67-4418-8045-4F0AFA9D8D85}.AppStore|Any CPU.Build.0 = Release|x86
		{578DF72C-DE67-4418-8045-4F0AFA9D8D85}.AppStore|Any CPU.Deploy.0 = Release|x86
		{578DF72C-DE67-4418-8045-4F0AFA9D8D85}.AppStore|ARM.ActiveCfg = Release|ARM
		{578DF72C-DE67-4418-8045-4F0AFA9D8D85}.AppStore|ARM.Build.0 = Release|ARM
		{578DF72C-DE67-4418-8045-4F0AFA9D8D85}.AppStore|ARM.Deploy.0 = Release|ARM
		{578DF72C-DE67-4418-8045-4F0AFA9D8D85}.AppStore|iPhone.ActiveCfg = Release|x86
		{578DF72C-DE67-4418-8045-4F0AFA9D8D85}.AppStore|iPhone.Build.0 = Release|x86
		{578DF72C-DE67-4418-8045-4F0AFA9D8D85}.AppStore|iPhone.Deploy.0 = Release|x86
		{578DF72C-DE67-4418-8045-4F0AFA9D8D85}.AppStore|iPhoneSimulator.ActiveCfg = Release|x86
		{578DF72C-DE67-4418-8045-4F0AFA9D8D85}.AppStore|iPhoneSimulator.Build.0 = Release|x86
		{578DF72C-DE67-4418-8045-4F0AFA9D8D85}.AppStore|iPhoneSimulator.Deploy.0 = Release|x86
		{578DF72C-DE67-4418-8045-4F0AFA9D8D85}.AppStore|x64.ActiveCfg = Release|x64
		{578DF72C-DE67-4418-8045-4F0AFA9D8D85}.AppStore|x64.Build.0 = Release|x64
		{578DF72C-DE67-4418-8045-4F0AFA9D8D85}.AppStore|x64.Deploy.0 = Release|x64
		{578DF72C-DE67-4418-8045-4F0AFA9D8D85}.AppStore|x86.ActiveCfg = Release|x86
		{578DF72C-DE67-4418-8045-4F0AFA9D8D85}.AppStore|x86.Build.0 = Release|x86
		{578DF72C-DE67-4418-8045-4F0AFA9D8D85}.AppStore|x86.Deploy.0 = Release|x86
		{578DF72C-DE67-4418-8045-4F0AFA9D8D85}.Debug|Any CPU.ActiveCfg = Debug|x86
		{578DF72C-DE67-4418-8045-4F0AFA9D8D85}.Debug|ARM.ActiveCfg = Debug|ARM
		{578DF72C-DE67-4418-8045-4F0AFA9D8D85}.Debug|ARM.Build.0 = Debug|ARM
		{578DF72C-DE67-4418-8045-4F0AFA9D8D85}.Debug|ARM.Deploy.0 = Debug|ARM
		{578DF72C-DE67-4418-8045-4F0AFA9D8D85}.Debug|iPhone.ActiveCfg = Debug|x86
		{578DF72C-DE67-4418-8045-4F0AFA9D8D85}.Debug|iPhoneSimulator.ActiveCfg = Debug|x86
		{578DF72C-DE67-4418-8045-4F0AFA9D8D85}.Debug|x64.ActiveCfg = Debug|x64
		{578DF72C-DE67-4418-8045-4F0AFA9D8D85}.Debug|x64.Build.0 = Debug|x64
		{578DF72C-DE67-4418-8045-4F0AFA9D8D85}.Debug|x64.Deploy.0 = Debug|x64
		{578DF72C-DE67-4418-8045-4F0AFA9D8D85}.Debug|x86.ActiveCfg = Debug|x86
		{578DF72C-DE67-4418-8045-4F0AFA9D8D85}.Debug|x86.Build.0 = Debug|x86
		{578DF72C-DE67-4418-8045-4F0AFA9D8D85}.Debug|x86.Deploy.0 = Debug|x86
		{578DF72C-DE67-4418-8045-4F0AFA9D8D85}.Release|Any CPU.ActiveCfg = Release|x86
		{578DF72C-DE67-4418-8045-4F0AFA9D8D85}.Release|ARM.ActiveCfg = Release|ARM
		{578DF72C-DE67-4418-8045-4F0AFA9D8D85}.Release|ARM.Build.0 = Release|ARM
		{578DF72C-DE67-4418-8045-4F0AFA9D8D85}.Release|ARM.Deploy.0 = Release|ARM
		{578DF72C-DE67-4418-8045-4F0AFA9D8D85}.Release|iPhone.ActiveCfg = Release|x86
		{578DF72C-DE67-4418-8045-4F0AFA9D8D85}.Release|iPhoneSimulator.ActiveCfg = Release|x86
		{578DF72C-DE67-4418-8045-4F0AFA9D8D85}.Release|x64.ActiveCfg = Release|x64
		{578DF72C-DE67-4418-8045-4F0AFA9D8D85}.Release|x64.Build.0 = Release|x64
		{578DF72C-DE67-4418-8045-4F0AFA9D8D85}.Release|x64.Deploy.0 = Release|x64
		{578DF72C-DE67-4418-8045-4F0AFA9D8D85}.Release|x86.ActiveCfg = Release|x86
		{578DF72C-DE67-4418-8045-4F0AFA9D8D85}.Release|x86.Build.0 = Release|x86
		{578DF72C-DE67-4418-8045-4F0AFA9D8D85}.Release|x86.Deploy.0 = Release|x86
		{38CF669E-2AB1-40ED-8894-2CA45BBC78B9}.Ad-Hoc|Any CPU.ActiveCfg = Release|Any CPU
		{38CF669E-2AB1-40ED-8894-2CA45BBC78B9}.Ad-Hoc|Any CPU.Build.0 = Release|Any CPU
		{38CF669E-2AB1-40ED-8894-2CA45BBC78B9}.Ad-Hoc|ARM.ActiveCfg = Release|Any CPU
		{38CF669E-2AB1-40ED-8894-2CA45BBC78B9}.Ad-Hoc|ARM.Build.0 = Release|Any CPU
		{38CF669E-2AB1-40ED-8894-2CA45BBC78B9}.Ad-Hoc|iPhone.ActiveCfg = Release|Any CPU
		{38CF669E-2AB1-40ED-8894-2CA45BBC78B9}.Ad-Hoc|iPhone.Build.0 = Release|Any CPU
		{38CF669E-2AB1-40ED-8894-2CA45BBC78B9}.Ad-Hoc|iPhoneSimulator.ActiveCfg = Release|Any CPU
		{38CF669E-2AB1-40ED-8894-2CA45BBC78B9}.Ad-Hoc|iPhoneSimulator.Build.0 = Release|Any CPU
		{38CF669E-2AB1-40ED-8894-2CA45BBC78B9}.Ad-Hoc|x64.ActiveCfg = Release|Any CPU
		{38CF669E-2AB1-40ED-8894-2CA45BBC78B9}.Ad-Hoc|x64.Build.0 = Release|Any CPU
		{38CF669E-2AB1-40ED-8894-2CA45BBC78B9}.Ad-Hoc|x86.ActiveCfg = Release|Any CPU
		{38CF669E-2AB1-40ED-8894-2CA45BBC78B9}.Ad-Hoc|x86.Build.0 = Release|Any CPU
		{38CF669E-2AB1-40ED-8894-2CA45BBC78B9}.AppStore|Any CPU.ActiveCfg = Release|Any CPU
		{38CF669E-2AB1-40ED-8894-2CA45BBC78B9}.AppStore|Any CPU.Build.0 = Release|Any CPU
		{38CF669E-2AB1-40ED-8894-2CA45BBC78B9}.AppStore|ARM.ActiveCfg = Release|Any CPU
		{38CF669E-2AB1-40ED-8894-2CA45BBC78B9}.AppStore|ARM.Build.0 = Release|Any CPU
		{38CF669E-2AB1-40ED-8894-2CA45BBC78B9}.AppStore|iPhone.ActiveCfg = Release|Any CPU
		{38CF669E-2AB1-40ED-8894-2CA45BBC78B9}.AppStore|iPhone.Build.0 = Release|Any CPU
		{38CF669E-2AB1-40ED-8894-2CA45BBC78B9}.AppStore|iPhoneSimulator.ActiveCfg = Release|Any CPU
		{38CF669E-2AB1-40ED-8894-2CA45BBC78B9}.AppStore|iPhoneSimulator.Build.0 = Release|Any CPU
		{38CF669E-2AB1-40ED-8894-2CA45BBC78B9}.AppStore|x64.ActiveCfg = Release|Any CPU
		{38CF669E-2AB1-40ED-8894-2CA45BBC78B9}.AppStore|x64.Build.0 = Release|Any CPU
		{38CF669E-2AB1-40ED-8894-2CA45BBC78B9}.AppStore|x86.ActiveCfg = Release|Any CPU
		{38CF669E-2AB1-40ED-8894-2CA45BBC78B9}.AppStore|x86.Build.0 = Release|Any CPU
		{38CF669E-2AB1-40ED-8894-2CA45BBC78B9}.Debug|Any CPU.ActiveCfg = Debug|Any CPU
		{38CF669E-2AB1-40ED-8894-2CA45BBC78B9}.Debug|Any CPU.Build.0 = Debug|Any CPU
		{38CF669E-2AB1-40ED-8894-2CA45BBC78B9}.Debug|ARM.ActiveCfg = Debug|Any CPU
		{38CF669E-2AB1-40ED-8894-2CA45BBC78B9}.Debug|ARM.Build.0 = Debug|Any CPU
		{38CF669E-2AB1-40ED-8894-2CA45BBC78B9}.Debug|iPhone.ActiveCfg = Debug|Any CPU
		{38CF669E-2AB1-40ED-8894-2CA45BBC78B9}.Debug|iPhone.Build.0 = Debug|Any CPU
		{38CF669E-2AB1-40ED-8894-2CA45BBC78B9}.Debug|iPhoneSimulator.ActiveCfg = Debug|Any CPU
		{38CF669E-2AB1-40ED-8894-2CA45BBC78B9}.Debug|iPhoneSimulator.Build.0 = Debug|Any CPU
		{38CF669E-2AB1-40ED-8894-2CA45BBC78B9}.Debug|x64.ActiveCfg = Debug|Any CPU
		{38CF669E-2AB1-40ED-8894-2CA45BBC78B9}.Debug|x64.Build.0 = Debug|Any CPU
		{38CF669E-2AB1-40ED-8894-2CA45BBC78B9}.Debug|x86.ActiveCfg = Debug|Any CPU
		{38CF669E-2AB1-40ED-8894-2CA45BBC78B9}.Debug|x86.Build.0 = Debug|Any CPU
		{38CF669E-2AB1-40ED-8894-2CA45BBC78B9}.Release|Any CPU.ActiveCfg = Release|Any CPU
		{38CF669E-2AB1-40ED-8894-2CA45BBC78B9}.Release|Any CPU.Build.0 = Release|Any CPU
		{38CF669E-2AB1-40ED-8894-2CA45BBC78B9}.Release|ARM.ActiveCfg = Release|Any CPU
		{38CF669E-2AB1-40ED-8894-2CA45BBC78B9}.Release|ARM.Build.0 = Release|Any CPU
		{38CF669E-2AB1-40ED-8894-2CA45BBC78B9}.Release|iPhone.ActiveCfg = Release|Any CPU
		{38CF669E-2AB1-40ED-8894-2CA45BBC78B9}.Release|iPhone.Build.0 = Release|Any CPU
		{38CF669E-2AB1-40ED-8894-2CA45BBC78B9}.Release|iPhoneSimulator.ActiveCfg = Release|Any CPU
		{38CF669E-2AB1-40ED-8894-2CA45BBC78B9}.Release|iPhoneSimulator.Build.0 = Release|Any CPU
		{38CF669E-2AB1-40ED-8894-2CA45BBC78B9}.Release|x64.ActiveCfg = Release|Any CPU
		{38CF669E-2AB1-40ED-8894-2CA45BBC78B9}.Release|x64.Build.0 = Release|Any CPU
		{38CF669E-2AB1-40ED-8894-2CA45BBC78B9}.Release|x86.ActiveCfg = Release|Any CPU
		{38CF669E-2AB1-40ED-8894-2CA45BBC78B9}.Release|x86.Build.0 = Release|Any CPU
		{E657BE79-8471-4515-A60B-BA2AFEF9C9DF}.Ad-Hoc|Any CPU.ActiveCfg = Release|Any CPU
		{E657BE79-8471-4515-A60B-BA2AFEF9C9DF}.Ad-Hoc|Any CPU.Build.0 = Release|Any CPU
		{E657BE79-8471-4515-A60B-BA2AFEF9C9DF}.Ad-Hoc|ARM.ActiveCfg = Release|Any CPU
		{E657BE79-8471-4515-A60B-BA2AFEF9C9DF}.Ad-Hoc|ARM.Build.0 = Release|Any CPU
		{E657BE79-8471-4515-A60B-BA2AFEF9C9DF}.Ad-Hoc|iPhone.ActiveCfg = Release|Any CPU
		{E657BE79-8471-4515-A60B-BA2AFEF9C9DF}.Ad-Hoc|iPhone.Build.0 = Release|Any CPU
		{E657BE79-8471-4515-A60B-BA2AFEF9C9DF}.Ad-Hoc|iPhoneSimulator.ActiveCfg = Release|Any CPU
		{E657BE79-8471-4515-A60B-BA2AFEF9C9DF}.Ad-Hoc|iPhoneSimulator.Build.0 = Release|Any CPU
		{E657BE79-8471-4515-A60B-BA2AFEF9C9DF}.Ad-Hoc|x64.ActiveCfg = Release|Any CPU
		{E657BE79-8471-4515-A60B-BA2AFEF9C9DF}.Ad-Hoc|x64.Build.0 = Release|Any CPU
		{E657BE79-8471-4515-A60B-BA2AFEF9C9DF}.Ad-Hoc|x86.ActiveCfg = Release|Any CPU
		{E657BE79-8471-4515-A60B-BA2AFEF9C9DF}.Ad-Hoc|x86.Build.0 = Release|Any CPU
		{E657BE79-8471-4515-A60B-BA2AFEF9C9DF}.AppStore|Any CPU.ActiveCfg = Release|Any CPU
		{E657BE79-8471-4515-A60B-BA2AFEF9C9DF}.AppStore|Any CPU.Build.0 = Release|Any CPU
		{E657BE79-8471-4515-A60B-BA2AFEF9C9DF}.AppStore|ARM.ActiveCfg = Release|Any CPU
		{E657BE79-8471-4515-A60B-BA2AFEF9C9DF}.AppStore|ARM.Build.0 = Release|Any CPU
		{E657BE79-8471-4515-A60B-BA2AFEF9C9DF}.AppStore|iPhone.ActiveCfg = Release|Any CPU
		{E657BE79-8471-4515-A60B-BA2AFEF9C9DF}.AppStore|iPhone.Build.0 = Release|Any CPU
		{E657BE79-8471-4515-A60B-BA2AFEF9C9DF}.AppStore|iPhoneSimulator.ActiveCfg = Release|Any CPU
		{E657BE79-8471-4515-A60B-BA2AFEF9C9DF}.AppStore|iPhoneSimulator.Build.0 = Release|Any CPU
		{E657BE79-8471-4515-A60B-BA2AFEF9C9DF}.AppStore|x64.ActiveCfg = Release|Any CPU
		{E657BE79-8471-4515-A60B-BA2AFEF9C9DF}.AppStore|x64.Build.0 = Release|Any CPU
		{E657BE79-8471-4515-A60B-BA2AFEF9C9DF}.AppStore|x86.ActiveCfg = Release|Any CPU
		{E657BE79-8471-4515-A60B-BA2AFEF9C9DF}.AppStore|x86.Build.0 = Release|Any CPU
		{E657BE79-8471-4515-A60B-BA2AFEF9C9DF}.Debug|Any CPU.ActiveCfg = Debug|Any CPU
		{E657BE79-8471-4515-A60B-BA2AFEF9C9DF}.Debug|Any CPU.Build.0 = Debug|Any CPU
		{E657BE79-8471-4515-A60B-BA2AFEF9C9DF}.Debug|Any CPU.Deploy.0 = Debug|Any CPU
		{E657BE79-8471-4515-A60B-BA2AFEF9C9DF}.Debug|ARM.ActiveCfg = Debug|Any CPU
		{E657BE79-8471-4515-A60B-BA2AFEF9C9DF}.Debug|ARM.Build.0 = Debug|Any CPU
		{E657BE79-8471-4515-A60B-BA2AFEF9C9DF}.Debug|iPhone.ActiveCfg = Debug|Any CPU
		{E657BE79-8471-4515-A60B-BA2AFEF9C9DF}.Debug|iPhone.Build.0 = Debug|Any CPU
		{E657BE79-8471-4515-A60B-BA2AFEF9C9DF}.Debug|iPhoneSimulator.ActiveCfg = Debug|Any CPU
		{E657BE79-8471-4515-A60B-BA2AFEF9C9DF}.Debug|iPhoneSimulator.Build.0 = Debug|Any CPU
		{E657BE79-8471-4515-A60B-BA2AFEF9C9DF}.Debug|x64.ActiveCfg = Debug|Any CPU
		{E657BE79-8471-4515-A60B-BA2AFEF9C9DF}.Debug|x64.Build.0 = Debug|Any CPU
		{E657BE79-8471-4515-A60B-BA2AFEF9C9DF}.Debug|x86.ActiveCfg = Debug|Any CPU
		{E657BE79-8471-4515-A60B-BA2AFEF9C9DF}.Debug|x86.Build.0 = Debug|Any CPU
		{E657BE79-8471-4515-A60B-BA2AFEF9C9DF}.Release|Any CPU.ActiveCfg = Release|Any CPU
		{E657BE79-8471-4515-A60B-BA2AFEF9C9DF}.Release|Any CPU.Build.0 = Release|Any CPU
		{E657BE79-8471-4515-A60B-BA2AFEF9C9DF}.Release|Any CPU.Deploy.0 = Release|Any CPU
		{E657BE79-8471-4515-A60B-BA2AFEF9C9DF}.Release|ARM.ActiveCfg = Release|Any CPU
		{E657BE79-8471-4515-A60B-BA2AFEF9C9DF}.Release|ARM.Build.0 = Release|Any CPU
		{E657BE79-8471-4515-A60B-BA2AFEF9C9DF}.Release|iPhone.ActiveCfg = Release|Any CPU
		{E657BE79-8471-4515-A60B-BA2AFEF9C9DF}.Release|iPhone.Build.0 = Release|Any CPU
		{E657BE79-8471-4515-A60B-BA2AFEF9C9DF}.Release|iPhoneSimulator.ActiveCfg = Release|Any CPU
		{E657BE79-8471-4515-A60B-BA2AFEF9C9DF}.Release|iPhoneSimulator.Build.0 = Release|Any CPU
		{E657BE79-8471-4515-A60B-BA2AFEF9C9DF}.Release|x64.ActiveCfg = Release|Any CPU
		{E657BE79-8471-4515-A60B-BA2AFEF9C9DF}.Release|x64.Build.0 = Release|Any CPU
		{E657BE79-8471-4515-A60B-BA2AFEF9C9DF}.Release|x86.ActiveCfg = Release|Any CPU
		{E657BE79-8471-4515-A60B-BA2AFEF9C9DF}.Release|x86.Build.0 = Release|Any CPU
	EndGlobalSection
	GlobalSection(SolutionProperties) = preSolution
		HideSolutionNode = FALSE
	EndGlobalSection
	GlobalSection(ExtensibilityGlobals) = postSolution
		SolutionGuid = {F6D05029-56B8-4E45-AF2D-0E76295DDBA2}
	EndGlobalSection
EndGlobal
